
Microsoft Visual Studio Solution File, Format Version 12.00
# Visual Studio Version 16
VisualStudioVersion = 16.0.29905.134
MinimumVisualStudioVersion = 10.0.40219.1
Project("{FAE04EC0-301F-11D3-BF4B-00C04F79EFBC}") = "AuthenticationDemo", "AuthenticationDemo\AuthenticationDemo.csproj", "{49A963E3-DDCE-4B0A-A712-9E398D166EE3}"
EndProject
Global
	GlobalSection(SolutionConfigurationPlatforms) = preSolution
		Debug|Any CPU = Debug|Any CPU
		Release|Any CPU = Release|Any CPU
	EndGlobalSection
	GlobalSection(ProjectConfigurationPlatforms) = postSolution
		{49A963E3-DDCE-4B0A-A712-9E398D166EE3}.Debug|Any CPU.ActiveCfg = Debug|Any CPU
		{49A963E3-DDCE-4B0A-A712-9E398D166EE3}.Debug|Any CPU.Build.0 = Debug|Any CPU
		{49A963E3-DDCE-4B0A-A712-9E398D166EE3}.Release|Any CPU.ActiveCfg = Release|Any CPU
		{49A963E3-DDCE-4B0A-A712-9E398D166EE3}.Release|Any CPU.Build.0 = Release|Any CPU
	EndGlobalSection
	GlobalSection(SolutionProperties) = preSolution
		HideSolutionNode = FALSE
	EndGlobalSection
	GlobalSection(ExtensibilityGlobals) = postSolution
		SolutionGuid = {94FA3289-A7BE-4FFE-AABD-1B5ECF57A80D}
	EndGlobalSection
EndGlobal
